
Microsoft Visual Studio Solution File, Format Version 12.00
# Visual Studio 15
VisualStudioVersion = 15.0.27004.2005
MinimumVisualStudioVersion = 10.0.40219.1
Project("{9A19103F-16F7-4668-BE54-9A1E7A4F7556}") = "MementoFX.Messaging.Postie", "src\MementoFX.Messaging.Postie\MementoFX.Messaging.Postie.csproj", "{C5835D3F-5103-43CE-9B0A-7CFCA229B9C6}"
EndProject
Project("{9A19103F-16F7-4668-BE54-9A1E7A4F7556}") = "MementoFX.Messaging.Postie.Tests", "src\MementoFX.Messaging.Postie.Tests\MementoFX.Messaging.Postie.Tests.csproj", "{DF2CAB07-B57E-488F-8A19-7752CEF82424}"
EndProject
Global
	GlobalSection(SolutionConfigurationPlatforms) = preSolution
		Debug|Any CPU = Debug|Any CPU
		Release|Any CPU = Release|Any CPU
	EndGlobalSection
	GlobalSection(ProjectConfigurationPlatforms) = postSolution
		{C5835D3F-5103-43CE-9B0A-7CFCA229B9C6}.Debug|Any CPU.ActiveCfg = Debug|Any CPU
		{C5835D3F-5103-43CE-9B0A-7CFCA229B9C6}.Debug|Any CPU.Build.0 = Debug|Any CPU
		{C5835D3F-5103-43CE-9B0A-7CFCA229B9C6}.Release|Any CPU.ActiveCfg = Release|Any CPU
		{C5835D3F-5103-43CE-9B0A-7CFCA229B9C6}.Release|Any CPU.Build.0 = Release|Any CPU
		{DF2CAB07-B57E-488F-8A19-7752CEF82424}.Debug|Any CPU.ActiveCfg = Debug|Any CPU
		{DF2CAB07-B57E-488F-8A19-7752CEF82424}.Debug|Any CPU.Build.0 = Debug|Any CPU
		{DF2CAB07-B57E-488F-8A19-7752CEF82424}.Release|Any CPU.ActiveCfg = Release|Any CPU
		{DF2CAB07-B57E-488F-8A19-7752CEF82424}.Release|Any CPU.Build.0 = Release|Any CPU
	EndGlobalSection
	GlobalSection(SolutionProperties) = preSolution
		HideSolutionNode = FALSE
	EndGlobalSection
	GlobalSection(ExtensibilityGlobals) = postSolution
		SolutionGuid = {5B91874A-FF4D-48B3-9E48-1773C8A58C3A}
	EndGlobalSection
EndGlobal
